PODS:
  - libextobjc (0.4):
    - libextobjc/EXTADT (= 0.4)
    - libextobjc/EXTConcreteProtocol (= 0.4)
    - libextobjc/EXTKeyPathCoding (= 0.4)
    - libextobjc/EXTNil (= 0.4)
    - libextobjc/EXTSafeCategory (= 0.4)
    - libextobjc/EXTScope (= 0.4)
    - libextobjc/EXTSelectorChecking (= 0.4)
    - libextobjc/EXTSynthesize (= 0.4)
    - "libextobjc/NSInvocation+EXT (= 0.4)"
    - "libextobjc/NSMethodSignature+EXT (= 0.4)"
    - libextobjc/RuntimeExtensions (= 0.4)
    - libextobjc/UmbrellaHeader (= 0.4)
  - libextobjc/EXTADT (0.4):
    - libextobjc/RuntimeExtensions
  - libextobjc/EXTConcreteProtocol (0.4):
    - libextobjc/RuntimeExtensions
  - libextobjc/EXTKeyPathCoding (0.4):
    - libextobjc/RuntimeExtensions
  - libextobjc/EXTNil (0.4):
    - libextobjc/RuntimeExtensions
  - libextobjc/EXTSafeCategory (0.4):
    - libextobjc/RuntimeExtensions
  - libextobjc/EXTScope (0.4):
    - libextobjc/RuntimeExtensions
  - libextobjc/EXTSelectorChecking (0.4):
    - libextobjc/RuntimeExtensions
  - libextobjc/EXTSynthesize (0.4):
    - libextobjc/RuntimeExtensions
  - "libextobjc/NSInvocation+EXT (0.4)":
    - libextobjc/RuntimeExtensions
  - "libextobjc/NSMethodSignature+EXT (0.4)":
    - libextobjc/RuntimeExtensions
  - libextobjc/RuntimeExtensions (0.4)
  - libextobjc/UmbrellaHeader (0.4)

DEPENDENCIES:
  - libextobjc

SPEC REPOS:
  https://github.com/cocoapods/specs.git:
    - libextobjc

SPEC CHECKSUMS:
  libextobjc: f2802d4262f6885570df9799747409ceb1de602c

PODFILE CHECKSUM: b60ffe34ebe842d1eed484e25fb5bc9028158e14

COCOAPODS: 1.6.0.beta.2
